
Microsoft Visual Studio Solution File, Format Version 12.00
# Visual Studio Version 17
VisualStudioVersion = 17.8.34322.80
MinimumVisualStudioVersion = 10.0.40219.1
Project("{9A19103F-16F7-4668-BE54-9A1E7A4F7556}") = "Retail-Api", "Retail-Api\Retail-Api.csproj", "{AEA5137C-B0C3-4569-859E-F2BAA29073EA}"
EndProject
Project("{9A19103F-16F7-4668-BE54-9A1E7A4F7556}") = "Retail-Front", "Retail-Front\Retail-Front.csproj", "{797EF157-B824-4E58-A821-7A09855EB3C8}"
EndProject
Project("{F14B399A-7131-4C87-9E4B-1186C45EF12D}") = "Retail-Report", "Retail-Report\Retail-Report.rptproj", "{4285AC77-7CB3-4809-8331-744C4FECF9AE}"
EndProject
Global
	GlobalSection(SolutionConfigurationPlatforms) = preSolution
		Debug|Any CPU = Debug|Any CPU
		DebugLocal|Any CPU = DebugLocal|Any CPU
		Release|Any CPU = Release|Any CPU
	EndGlobalSection
	GlobalSection(ProjectConfigurationPlatforms) = postSolution
		{AEA5137C-B0C3-4569-859E-F2BAA29073EA}.Debug|Any CPU.ActiveCfg = Debug|Any CPU
		{AEA5137C-B0C3-4569-859E-F2BAA29073EA}.Debug|Any CPU.Build.0 = Debug|Any CPU
		{AEA5137C-B0C3-4569-859E-F2BAA29073EA}.DebugLocal|Any CPU.ActiveCfg = Debug|Any CPU
		{AEA5137C-B0C3-4569-859E-F2BAA29073EA}.DebugLocal|Any CPU.Build.0 = Debug|Any CPU
		{AEA5137C-B0C3-4569-859E-F2BAA29073EA}.Release|Any CPU.ActiveCfg = Release|Any CPU
		{AEA5137C-B0C3-4569-859E-F2BAA29073EA}.Release|Any CPU.Build.0 = Release|Any CPU
		{797EF157-B824-4E58-A821-7A09855EB3C8}.Debug|Any CPU.ActiveCfg = Debug|Any CPU
		{797EF157-B824-4E58-A821-7A09855EB3C8}.Debug|Any CPU.Build.0 = Debug|Any CPU
		{797EF157-B824-4E58-A821-7A09855EB3C8}.DebugLocal|Any CPU.ActiveCfg = Debug|Any CPU
		{797EF157-B824-4E58-A821-7A09855EB3C8}.DebugLocal|Any CPU.Build.0 = Debug|Any CPU
		{797EF157-B824-4E58-A821-7A09855EB3C8}.Release|Any CPU.ActiveCfg = Release|Any CPU
		{797EF157-B824-4E58-A821-7A09855EB3C8}.Release|Any CPU.Build.0 = Release|Any CPU
		{4285AC77-7CB3-4809-8331-744C4FECF9AE}.Debug|Any CPU.ActiveCfg = Debug
		{4285AC77-7CB3-4809-8331-744C4FECF9AE}.Debug|Any CPU.Build.0 = Debug
		{4285AC77-7CB3-4809-8331-744C4FECF9AE}.Debug|Any CPU.Deploy.0 = Debug
		{4285AC77-7CB3-4809-8331-744C4FECF9AE}.DebugLocal|Any CPU.ActiveCfg = DebugLocal
		{4285AC77-7CB3-4809-8331-744C4FECF9AE}.DebugLocal|Any CPU.Build.0 = DebugLocal
		{4285AC77-7CB3-4809-8331-744C4FECF9AE}.Release|Any CPU.ActiveCfg = Release
		{4285AC77-7CB3-4809-8331-744C4FECF9AE}.Release|Any CPU.Build.0 = Release
		{4285AC77-7CB3-4809-8331-744C4FECF9AE}.Release|Any CPU.Deploy.0 = Release
	EndGlobalSection
	GlobalSection(SolutionProperties) = preSolution
		HideSolutionNode = FALSE
	EndGlobalSection
	GlobalSection(ExtensibilityGlobals) = postSolution
		SolutionGuid = {BD0C9E90-A734-4A65-AED8-127568C4B9B7}
	EndGlobalSection
EndGlobal
